
Microsoft Visual Studio Solution File, Format Version 12.00
# Visual Studio Version 17
VisualStudioVersion = 17.0.31903.59
MinimumVisualStudioVersion = 10.0.40219.1
Project("{2150E333-8FDC-42A3-9474-1A3956D46DE8}") = "src", "src", "{827E0CD3-B72D-47B6-A68D-7590B98EB39B}"
EndProject
Project("{FAE04EC0-301F-11D3-BF4B-00C04F79EFBC}") = "AuctionService", "src\AuctionService\AuctionService.csproj", "{B8D1362C-C3CD-4F29-956F-DD74DDE07DDB}"
EndProject
Project("{FAE04EC0-301F-11D3-BF4B-00C04F79EFBC}") = "SearchService", "src\SearchService\SearchService.csproj", "{DD54CF4F-69A7-44BC-B77C-E0782C80E671}"
EndProject
Project("{FAE04EC0-301F-11D3-BF4B-00C04F79EFBC}") = "Contracts", "src\Contracts\Contracts.csproj", "{1BBB546E-64FD-47BE-8FF4-76E16C7E766C}"
EndProject
Project("{FAE04EC0-301F-11D3-BF4B-00C04F79EFBC}") = "IdentityService", "src\IdentityService\IdentityService.csproj", "{CB77C9D7-3F4A-4924-BECA-CC60550721EC}"
EndProject
Project("{FAE04EC0-301F-11D3-BF4B-00C04F79EFBC}") = "GatewayService", "src\GatewayService\GatewayService.csproj", "{3DC1BEC3-589D-4043-A1FE-4D728C0629CC}"
EndProject
Global
	GlobalSection(SolutionConfigurationPlatforms) = preSolution
		Debug|Any CPU = Debug|Any CPU
		Debug|x64 = Debug|x64
		Debug|x86 = Debug|x86
		Release|Any CPU = Release|Any CPU
		Release|x64 = Release|x64
		Release|x86 = Release|x86
	EndGlobalSection
	GlobalSection(ProjectConfigurationPlatforms) = postSolution
		{B8D1362C-C3CD-4F29-956F-DD74DDE07DDB}.Debug|Any CPU.ActiveCfg = Debug|Any CPU
		{B8D1362C-C3CD-4F29-956F-DD74DDE07DDB}.Debug|Any CPU.Build.0 = Debug|Any CPU
		{B8D1362C-C3CD-4F29-956F-DD74DDE07DDB}.Debug|x64.ActiveCfg = Debug|Any CPU
		{B8D1362C-C3CD-4F29-956F-DD74DDE07DDB}.Debug|x64.Build.0 = Debug|Any CPU
		{B8D1362C-C3CD-4F29-956F-DD74DDE07DDB}.Debug|x86.ActiveCfg = Debug|Any CPU
		{B8D1362C-C3CD-4F29-956F-DD74DDE07DDB}.Debug|x86.Build.0 = Debug|Any CPU
		{B8D1362C-C3CD-4F29-956F-DD74DDE07DDB}.Release|Any CPU.ActiveCfg = Release|Any CPU
		{B8D1362C-C3CD-4F29-956F-DD74DDE07DDB}.Release|Any CPU.Build.0 = Release|Any CPU
		{B8D1362C-C3CD-4F29-956F-DD74DDE07DDB}.Release|x64.ActiveCfg = Release|Any CPU
		{B8D1362C-C3CD-4F29-956F-DD74DDE07DDB}.Release|x64.Build.0 = Release|Any CPU
		{B8D1362C-C3CD-4F29-956F-DD74DDE07DDB}.Release|x86.ActiveCfg = Release|Any CPU
		{B8D1362C-C3CD-4F29-956F-DD74DDE07DDB}.Release|x86.Build.0 = Release|Any CPU
		{DD54CF4F-69A7-44BC-B77C-E0782C80E671}.Debug|Any CPU.ActiveCfg = Debug|Any CPU
		{DD54CF4F-69A7-44BC-B77C-E0782C80E671}.Debug|Any CPU.Build.0 = Debug|Any CPU
		{DD54CF4F-69A7-44BC-B77C-E0782C80E671}.Debug|x64.ActiveCfg = Debug|Any CPU
		{DD54CF4F-69A7-44BC-B77C-E0782C80E671}.Debug|x64.Build.0 = Debug|Any CPU
		{DD54CF4F-69A7-44BC-B77C-E0782C80E671}.Debug|x86.ActiveCfg = Debug|Any CPU
		{DD54CF4F-69A7-44BC-B77C-E0782C80E671}.Debug|x86.Build.0 = Debug|Any CPU
		{DD54CF4F-69A7-44BC-B77C-E0782C80E671}.Release|Any CPU.ActiveCfg = Release|Any CPU
		{DD54CF4F-69A7-44BC-B77C-E0782C80E671}.Release|Any CPU.Build.0 = Release|Any CPU
		{DD54CF4F-69A7-44BC-B77C-E0782C80E671}.Release|x64.ActiveCfg = Release|Any CPU
		{DD54CF4F-69A7-44BC-B77C-E0782C80E671}.Release|x64.Build.0 = Release|Any CPU
		{DD54CF4F-69A7-44BC-B77C-E0782C80E671}.Release|x86.ActiveCfg = Release|Any CPU
		{DD54CF4F-69A7-44BC-B77C-E0782C80E671}.Release|x86.Build.0 = Release|Any CPU
		{1BBB546E-64FD-47BE-8FF4-76E16C7E766C}.Debug|Any CPU.ActiveCfg = Debug|Any CPU
		{1BBB546E-64FD-47BE-8FF4-76E16C7E766C}.Debug|Any CPU.Build.0 = Debug|Any CPU
		{1BBB546E-64FD-47BE-8FF4-76E16C7E766C}.Debug|x64.ActiveCfg = Debug|Any CPU
		{1BBB546E-64FD-47BE-8FF4-76E16C7E766C}.Debug|x64.Build.0 = Debug|Any CPU
		{1BBB546E-64FD-47BE-8FF4-76E16C7E766C}.Debug|x86.ActiveCfg = Debug|Any CPU
		{1BBB546E-64FD-47BE-8FF4-76E16C7E766C}.Debug|x86.Build.0 = Debug|Any CPU
		{1BBB546E-64FD-47BE-8FF4-76E16C7E766C}.Release|Any CPU.ActiveCfg = Release|Any CPU
		{1BBB546E-64FD-47BE-8FF4-76E16C7E766C}.Release|Any CPU.Build.0 = Release|Any CPU
		{1BBB546E-64FD-47BE-8FF4-76E16C7E766C}.Release|x64.ActiveCfg = Release|Any CPU
		{1BBB546E-64FD-47BE-8FF4-76E16C7E766C}.Release|x64.Build.0 = Release|Any CPU
		{1BBB546E-64FD-47BE-8FF4-76E16C7E766C}.Release|x86.ActiveCfg = Release|Any CPU
		{1BBB546E-64FD-47BE-8FF4-76E16C7E766C}.Release|x86.Build.0 = Release|Any CPU
		{CB77C9D7-3F4A-4924-BECA-CC60550721EC}.Debug|Any CPU.ActiveCfg = Debug|Any CPU
		{CB77C9D7-3F4A-4924-BECA-CC60550721EC}.Debug|Any CPU.Build.0 = Debug|Any CPU
		{CB77C9D7-3F4A-4924-BECA-CC60550721EC}.Debug|x64.ActiveCfg = Debug|Any CPU
		{CB77C9D7-3F4A-4924-BECA-CC60550721EC}.Debug|x64.Build.0 = Debug|Any CPU
		{CB77C9D7-3F4A-4924-BECA-CC60550721EC}.Debug|x86.ActiveCfg = Debug|Any CPU
		{CB77C9D7-3F4A-4924-BECA-CC60550721EC}.Debug|x86.Build.0 = Debug|Any CPU
		{CB77C9D7-3F4A-4924-BECA-CC60550721EC}.Release|Any CPU.ActiveCfg = Release|Any CPU
		{CB77C9D7-3F4A-4924-BECA-CC60550721EC}.Release|Any CPU.Build.0 = Release|Any CPU
		{CB77C9D7-3F4A-4924-BECA-CC60550721EC}.Release|x64.ActiveCfg = Release|Any CPU
		{CB77C9D7-3F4A-4924-BECA-CC60550721EC}.Release|x64.Build.0 = Release|Any CPU
		{CB77C9D7-3F4A-4924-BECA-CC60550721EC}.Release|x86.ActiveCfg = Release|Any CPU
		{CB77C9D7-3F4A-4924-BECA-CC60550721EC}.Release|x86.Build.0 = Release|Any CPU
		{3DC1BEC3-589D-4043-A1FE-4D728C0629CC}.Debug|Any CPU.ActiveCfg = Debug|Any CPU
		{3DC1BEC3-589D-4043-A1FE-4D728C0629CC}.Debug|Any CPU.Build.0 = Debug|Any CPU
		{3DC1BEC3-589D-4043-A1FE-4D728C0629CC}.Debug|x64.ActiveCfg = Debug|Any CPU
		{3DC1BEC3-589D-4043-A1FE-4D728C0629CC}.Debug|x64.Build.0 = Debug|Any CPU
		{3DC1BEC3-589D-4043-A1FE-4D728C0629CC}.Debug|x86.ActiveCfg = Debug|Any CPU
		{3DC1BEC3-589D-4043-A1FE-4D728C0629CC}.Debug|x86.Build.0 = Debug|Any CPU
		{3DC1BEC3-589D-4043-A1FE-4D728C0629CC}.Release|Any CPU.ActiveCfg = Release|Any CPU
		{3DC1BEC3-589D-4043-A1FE-4D728C0629CC}.Release|Any CPU.Build.0 = Release|Any CPU
		{3DC1BEC3-589D-4043-A1FE-4D728C0629CC}.Release|x64.ActiveCfg = Release|Any CPU
		{3DC1BEC3-589D-4043-A1FE-4D728C0629CC}.Release|x64.Build.0 = Release|Any CPU
		{3DC1BEC3-589D-4043-A1FE-4D728C0629CC}.Release|x86.ActiveCfg = Release|Any CPU
		{3DC1BEC3-589D-4043-A1FE-4D728C0629CC}.Release|x86.Build.0 = Release|Any CPU
	EndGlobalSection
	GlobalSection(SolutionProperties) = preSolution
		HideSolutionNode = FALSE
	EndGlobalSection
	GlobalSection(NestedProjects) = preSolution
		{B8D1362C-C3CD-4F29-956F-DD74DDE07DDB} = {827E0CD3-B72D-47B6-A68D-7590B98EB39B}
		{DD54CF4F-69A7-44BC-B77C-E0782C80E671} = {827E0CD3-B72D-47B6-A68D-7590B98EB39B}
		{1BBB546E-64FD-47BE-8FF4-76E16C7E766C} = {827E0CD3-B72D-47B6-A68D-7590B98EB39B}
		{CB77C9D7-3F4A-4924-BECA-CC60550721EC} = {827E0CD3-B72D-47B6-A68D-7590B98EB39B}
		{3DC1BEC3-589D-4043-A1FE-4D728C0629CC} = {827E0CD3-B72D-47B6-A68D-7590B98EB39B}
	EndGlobalSection
EndGlobal
